# generated by rye
# use `rye lock` or `rye sync` to update this lockfile
#
# last locked with the following flags:
#   pre: false
#   features: []
#   all-features: false
#   with-sources: false
#   generate-hashes: false
#   universal: false

-e file:.
affine==2.4.0
    # via rasterio
aiobotocore==2.13.1
    # via s3fs
aiohttp==3.9.5
    # via aiobotocore
    # via coiled
    # via gcsfs
    # via kopf
    # via kubernetes-asyncio
    # via s3fs
aioitertools==0.11.0
    # via aiobotocore
aiosignal==1.3.1
    # via aiohttp
anyio==4.4.0
    # via httpx
    # via httpx-ws
    # via jupyter-server
    # via kr8s
appnope==0.1.4
    # via ipykernel
argon2-cffi==23.1.0
    # via jupyter-server
argon2-cffi-bindings==21.2.0
    # via argon2-cffi
arrow==1.3.0
    # via isoduration
asciitree==0.3.3
    # via zarr
asttokens==2.4.1
    # via stack-data
async-lru==2.0.4
    # via jupyterlab
asyncache==0.3.1
    # via kr8s
attrs==23.2.0
    # via aiohttp
    # via cads-api-client
    # via jsonschema
    # via rasterio
    # via referencing
babel==2.15.0
    # via jupyterlab-server
backoff==2.2.1
    # via coiled
bcrypt==4.2.0
    # via paramiko
beautifulsoup4==4.12.3
    # via google
    # via nbconvert
bleach==6.1.0
    # via nbconvert
bokeh==3.5.0
    # via dask
    # via sheerwater-benchmarking
boto3==1.34.131
    # via coiled
botocore==1.34.131
    # via aiobotocore
    # via boto3
    # via s3transfer
cachetools==5.4.0
    # via asyncache
    # via google-auth
cads-api-client==1.3.2
    # via cdsapi
cartopy==0.23.0
    # via salientsdk
cdsapi==0.7.3
    # via sheerwater-benchmarking
certifi==2024.7.4
    # via httpcore
    # via httpx
    # via kubernetes
    # via kubernetes-asyncio
    # via netcdf4
    # via pyogrio
    # via pyproj
    # via rasterio
    # via requests
cffi==1.16.0
    # via argon2-cffi-bindings
    # via cryptography
    # via pynacl
cftime==1.6.4
    # via netcdf4
charset-normalizer==3.3.2
    # via requests
click==8.1.7
    # via click-plugins
    # via cligj
    # via coiled
    # via dask
    # via distributed
    # via kopf
    # via rasterio
    # via sheerwater-benchmarking
click-plugins==1.1.1
    # via rasterio
cligj==0.7.2
    # via rasterio
cloudpickle==3.0.0
    # via dask
    # via distributed
coiled==1.35.0
    # via sheerwater-benchmarking
comm==0.2.2
    # via ipykernel
    # via ipywidgets
contourpy==1.2.1
    # via bokeh
    # via matplotlib
cryptography==43.0.0
    # via kr8s
    # via paramiko
    # via sheerwater-benchmarking
cycler==0.12.1
    # via matplotlib
dask==2024.7.0
    # via coiled
    # via dask-expr
    # via dask-kubernetes
    # via distributed
    # via salientsdk
    # via sheerwater-benchmarking
dask-expr==1.1.8
    # via dask
dask-kubernetes==2024.5.0
    # via sheerwater-benchmarking
dateparser==1.2.0
    # via sheerwater-benchmarking
debugpy==1.8.2
    # via ipykernel
decorator==5.1.1
    # via fabric
    # via gcsfs
    # via ipython
defusedxml==0.7.1
    # via nbconvert
deprecated==1.2.14
    # via fabric
distributed==2024.7.0
    # via coiled
    # via dask
    # via dask-kubernetes
ecmwf-api-client==1.6.3
    # via sheerwater-benchmarking
executing==2.0.1
    # via stack-data
fabric==3.2.2
    # via coiled
fasteners==0.19
    # via zarr
fastjsonschema==2.20.0
    # via nbformat
filelock==3.15.4
    # via coiled
flox==0.9.8
    # via sheerwater-benchmarking
fonttools==4.53.1
    # via matplotlib
fqdn==1.5.1
    # via jsonschema
frozenlist==1.4.1
    # via aiohttp
    # via aiosignal
fsspec==2024.6.1
    # via dask
    # via gcsfs
    # via s3fs
gcsfs==2024.6.1
    # via sheerwater-benchmarking
geopandas==1.0.1
    # via salientsdk
    # via sheerwater-benchmarking
gilknocker==0.4.1
    # via coiled
google==3.0.0
    # via salientsdk
google-api-core==2.19.1
    # via google-api-python-client
    # via google-cloud-core
    # via google-cloud-secret-manager
    # via google-cloud-storage
google-api-python-client==2.138.0
    # via sheerwater-benchmarking
google-auth==2.32.0
    # via gcsfs
    # via google-api-core
    # via google-api-python-client
    # via google-auth-httplib2
    # via google-auth-oauthlib
    # via google-cloud-core
    # via google-cloud-secret-manager
    # via google-cloud-storage
    # via kubernetes
google-auth-httplib2==0.2.0
    # via google-api-python-client
google-auth-oauthlib==1.2.1
    # via gcsfs
google-cloud-core==2.4.1
    # via google-cloud-storage
google-cloud-secret-manager==2.20.1
    # via salientsdk
    # via sheerwater-benchmarking
google-cloud-storage==2.18.0
    # via gcsfs
    # via sheerwater-benchmarking
google-crc32c==1.5.0
    # via google-cloud-storage
    # via google-resumable-media
google-resumable-media==2.7.1
    # via google-cloud-storage
googleapis-common-protos==1.63.2
    # via google-api-core
    # via grpc-google-iam-v1
    # via grpcio-status
grpc-google-iam-v1==0.13.1
    # via google-cloud-secret-manager
grpcio==1.65.1
    # via google-api-core
    # via googleapis-common-protos
    # via grpc-google-iam-v1
    # via grpcio-status
grpcio-status==1.62.2
    # via google-api-core
h11==0.14.0
    # via httpcore
    # via wsproto
h2==4.1.0
    # via httpx
h5netcdf==1.3.0
    # via salientsdk
    # via sheerwater-benchmarking
h5py==3.11.0
    # via h5netcdf
    # via pvlib
    # via sheerwater-benchmarking
hpack==4.0.0
    # via h2
httpcore==1.0.5
    # via httpx
    # via httpx-ws
httplib2==0.22.0
    # via google-api-python-client
    # via google-auth-httplib2
    # via sheerwater-benchmarking
httpx==0.27.0
    # via coiled
    # via httpx-ws
    # via jupyterlab
    # via kr8s
httpx-ws==0.6.0
    # via kr8s
hyperframe==6.0.1
    # via h2
idna==3.7
    # via anyio
    # via httpx
    # via jsonschema
    # via requests
    # via yarl
importlib-metadata==8.2.0
    # via coiled
iniconfig==2.0.0
    # via pytest
invoke==2.2.0
    # via coiled
    # via fabric
ipykernel==6.29.5
    # via jupyterlab
    # via sheerwater-benchmarking
ipython==8.26.0
    # via ipykernel
    # via ipywidgets
ipywidgets==8.1.3
    # via coiled
iso8601==2.1.0
    # via kopf
isoduration==20.11.0
    # via jsonschema
jedi==0.19.1
    # via ipython
jinja2==3.1.4
    # via bokeh
    # via dask
    # via distributed
    # via jupyter-server
    # via jupyterlab
    # via jupyterlab-server
    # via nbconvert
jmespath==1.0.1
    # via boto3
    # via botocore
    # via coiled
joblib==1.4.2
    # via scikit-learn
json5==0.9.25
    # via jupyterlab-server
jsondiff==2.2.0
    # via coiled
jsonpointer==3.0.0
    # via jsonschema
jsonschema==4.23.0
    # via jupyter-events
    # via jupyterlab-server
    # via nbformat
jsonschema-specifications==2023.12.1
    # via jsonschema
jupyter-client==8.6.2
    # via ipykernel
    # via jupyter-server
    # via nbclient
jupyter-core==5.7.2
    # via ipykernel
    # via jupyter-client
    # via jupyter-server
    # via jupyterlab
    # via nbclient
    # via nbconvert
    # via nbformat
jupyter-events==0.10.0
    # via jupyter-server
jupyter-lsp==2.2.5
    # via jupyterlab
jupyter-server==2.14.2
    # via jupyter-lsp
    # via jupyterlab
    # via jupyterlab-server
    # via notebook
    # via notebook-shim
jupyter-server-terminals==0.5.3
    # via jupyter-server
jupyterlab==4.2.4
    # via notebook
    # via sheerwater-benchmarking
jupyterlab-pygments==0.3.0
    # via nbconvert
jupyterlab-server==2.27.3
    # via jupyterlab
    # via notebook
jupyterlab-widgets==3.0.11
    # via ipywidgets
jupytext==1.16.3
    # via sheerwater-benchmarking
kiwisolver==1.4.5
    # via matplotlib
kopf==1.37.2
    # via dask-kubernetes
kr8s==0.14.6
    # via dask-kubernetes
kubernetes==30.1.0
    # via dask-kubernetes
kubernetes-asyncio==30.1.1
    # via dask-kubernetes
locket==1.0.0
    # via distributed
    # via partd
lz4==4.3.3
    # via dask
markdown-it-py==3.0.0
    # via jupytext
    # via mdit-py-plugins
    # via rich
markupsafe==2.1.5
    # via jinja2
    # via nbconvert
matplotlib==3.9.1
    # via cartopy
    # via sheerwater-benchmarking
matplotlib-inline==0.1.7
    # via ipykernel
    # via ipython
mdit-py-plugins==0.4.1
    # via jupytext
mdurl==0.1.2
    # via markdown-it-py
mistune==3.0.2
    # via nbconvert
msgpack==1.0.8
    # via distributed
multidict==6.0.5
    # via aiohttp
    # via yarl
multiurl==0.3.1
    # via cads-api-client
nbclient==0.10.0
    # via nbconvert
nbconvert==7.16.4
    # via jupyter-server
nbformat==5.10.4
    # via jupyter-server
    # via jupytext
    # via nbclient
    # via nbconvert
nest-asyncio==1.6.0
    # via ipykernel
netcdf4==1.7.1.post1
    # via salientsdk
    # via sheerwater-benchmarking
notebook==7.2.1
    # via sheerwater-benchmarking
notebook-shim==0.2.4
    # via jupyterlab
    # via notebook
numcodecs==0.13.0
    # via zarr
numpy==1.26.4
    # via bokeh
    # via cartopy
    # via cftime
    # via contourpy
    # via dask
    # via flox
    # via geopandas
    # via h5py
    # via matplotlib
    # via netcdf4
    # via numcodecs
    # via numpy-groupies
    # via pandas
    # via pvlib
    # via pyarrow
    # via pyogrio
    # via rasterio
    # via rioxarray
    # via salientsdk
    # via scikit-learn
    # via scipy
    # via shapely
    # via sheerwater-benchmarking
    # via snuggs
    # via xarray
    # via zarr
numpy-groupies==0.11.1
    # via flox
oauthlib==3.2.2
    # via kubernetes
    # via requests-oauthlib
overrides==7.7.0
    # via jupyter-server
packaging==24.1
    # via bokeh
    # via cartopy
    # via coiled
    # via dask
    # via distributed
    # via flox
    # via geopandas
    # via h5netcdf
    # via ipykernel
    # via jupyter-server
    # via jupyterlab
    # via jupyterlab-server
    # via jupytext
    # via matplotlib
    # via nbconvert
    # via pip-requirements-parser
    # via pyogrio
    # via pytest
    # via rioxarray
    # via xarray
pandas==2.2.2
    # via bokeh
    # via dask
    # via dask-expr
    # via flox
    # via geopandas
    # via pvlib
    # via salientsdk
    # via xarray
pandocfilters==1.5.1
    # via nbconvert
paramiko==3.4.0
    # via coiled
    # via fabric
parso==0.8.4
    # via jedi
partd==1.4.2
    # via dask
pexpect==4.9.0
    # via ipython
pillow==10.4.0
    # via bokeh
    # via matplotlib
pip==24.1.2
    # via coiled
pip-requirements-parser==32.0.1
    # via coiled
platformdirs==4.2.2
    # via jupyter-core
pluggy==1.5.0
    # via pytest
prometheus-client==0.20.0
    # via coiled
    # via jupyter-server
prompt-toolkit==3.0.47
    # via ipython
proto-plus==1.24.0.dev1
    # via google-api-core
    # via google-cloud-secret-manager
    # via sheerwater-benchmarking
protobuf==4.25.4
    # via google-api-core
    # via google-cloud-secret-manager
    # via googleapis-common-protos
    # via grpc-google-iam-v1
    # via grpcio-status
    # via proto-plus
psutil==6.0.0
    # via distributed
    # via ipykernel
ptyprocess==0.7.0
    # via pexpect
    # via terminado
pure-eval==0.2.3
    # via stack-data
pvlib==0.10.5
    # via salientsdk
pyarrow==17.0.0
    # via dask
    # via dask-expr
pyarrow-hotfix==0.6
    # via dask
pyasn1==0.6.0
    # via pyasn1-modules
    # via rsa
pyasn1-modules==0.4.0
    # via google-auth
pycparser==2.22
    # via cffi
pygments==2.18.0
    # via ipython
    # via nbconvert
    # via rich
pykube-ng==23.6.0
    # via dask-kubernetes
pynacl==1.5.0
    # via paramiko
pyogrio==0.9.0
    # via geopandas
pyparsing==3.1.2
    # via httplib2
    # via matplotlib
    # via pip-requirements-parser
    # via snuggs
pyproj==3.6.1
    # via cartopy
    # via geopandas
    # via rioxarray
pyshp==2.3.1
    # via cartopy
pytest==8.3.3
    # via sheerwater-benchmarking
python-box==7.2.0
    # via kr8s
python-dateutil==2.9.0.post0
    # via arrow
    # via botocore
    # via dateparser
    # via jupyter-client
    # via kubernetes
    # via kubernetes-asyncio
    # via matplotlib
    # via multiurl
    # via pandas
python-json-logger==2.0.7
    # via jupyter-events
    # via kopf
python-jsonpath==1.1.1
    # via kr8s
pytz==2024.1
    # via dateparser
    # via multiurl
    # via pandas
    # via pvlib
pyyaml==6.0.1
    # via bokeh
    # via dask
    # via distributed
    # via jsondiff
    # via jupyter-events
    # via jupytext
    # via kopf
    # via kr8s
    # via kubernetes
    # via kubernetes-asyncio
    # via pykube-ng
pyzmq==26.0.3
    # via ipykernel
    # via jupyter-client
    # via jupyter-server
rasterio==1.3.10
    # via rioxarray
referencing==0.35.1
    # via jsonschema
    # via jsonschema-specifications
    # via jupyter-events
regex==2024.7.24
    # via dateparser
requests==2.32.3
    # via cads-api-client
    # via cdsapi
    # via gcsfs
    # via google-api-core
    # via google-cloud-storage
    # via jupyterlab-server
    # via kubernetes
    # via multiurl
    # via pvlib
    # via pykube-ng
    # via requests-oauthlib
    # via salientsdk
    # via sheerwater-benchmarking
requests-oauthlib==2.0.0
    # via google-auth-oauthlib
    # via kubernetes
rfc3339-validator==0.1.4
    # via jsonschema
    # via jupyter-events
rfc3986-validator==0.1.1
    # via jsonschema
    # via jupyter-events
rich==13.7.1
    # via coiled
    # via dask-kubernetes
rioxarray==0.17.0
    # via sheerwater-benchmarking
rpds-py==0.19.1
    # via jsonschema
    # via referencing
rsa==4.9
    # via google-auth
ruff==0.5.7
    # via sheerwater-benchmarking
s3fs==2024.6.1
    # via sheerwater-benchmarking
s3transfer==0.10.2
    # via boto3
salientsdk==0.2.7
    # via sheerwater-benchmarking
scikit-learn==1.5.2
    # via sheerwater-benchmarking
scipy==1.14.0
    # via flox
    # via pvlib
    # via salientsdk
    # via scikit-learn
    # via sheerwater-benchmarking
send2trash==1.8.3
    # via jupyter-server
setuptools==71.1.0
    # via coiled
    # via jupyterlab
    # via rasterio
shapely==2.0.5
    # via cartopy
    # via geopandas
six==1.16.0
    # via asttokens
    # via bleach
    # via kubernetes
    # via kubernetes-asyncio
    # via python-dateutil
    # via rfc3339-validator
sniffio==1.3.1
    # via anyio
    # via httpx
snuggs==1.4.7
    # via rasterio
sortedcontainers==2.4.0
    # via distributed
soupsieve==2.5
    # via beautifulsoup4
stack-data==0.6.3
    # via ipython
tblib==3.0.0
    # via distributed
terminado==0.18.1
    # via jupyter-server
    # via jupyter-server-terminals
threadpoolctl==3.5.0
    # via scikit-learn
tinycss2==1.3.0
    # via nbconvert
toml==0.10.2
    # via coiled
    # via salientsdk
toolz==0.12.1
    # via dask
    # via distributed
    # via flox
    # via partd
tornado==6.4.1
    # via bokeh
    # via distributed
    # via ipykernel
    # via jupyter-client
    # via jupyter-server
    # via jupyterlab
    # via notebook
    # via terminado
tqdm==4.66.4
    # via cdsapi
    # via multiurl
traitlets==5.14.3
    # via comm
    # via ipykernel
    # via ipython
    # via ipywidgets
    # via jupyter-client
    # via jupyter-core
    # via jupyter-events
    # via jupyter-server
    # via jupyterlab
    # via matplotlib-inline
    # via nbclient
    # via nbconvert
    # via nbformat
types-python-dateutil==2.9.0.20240316
    # via arrow
typing-extensions==4.12.2
    # via cads-api-client
    # via coiled
    # via kopf
tzdata==2024.1
    # via pandas
tzlocal==5.2
    # via dateparser
uri-template==1.3.0
    # via jsonschema
uritemplate==4.1.1
    # via google-api-python-client
urllib3==2.2.2
    # via botocore
    # via distributed
    # via kubernetes
    # via kubernetes-asyncio
    # via pykube-ng
    # via requests
wcwidth==0.2.13
    # via prompt-toolkit
webcolors==24.6.0
    # via jsonschema
webencodings==0.5.1
    # via bleach
    # via tinycss2
websocket-client==1.8.0
    # via jupyter-server
    # via kubernetes
wheel==0.43.0
    # via coiled
widgetsnbextension==4.0.11
    # via ipywidgets
wrapt==1.16.0
    # via aiobotocore
    # via deprecated
wsproto==1.2.0
    # via httpx-ws
xarray==2024.6.0
    # via rioxarray
    # via salientsdk
    # via sheerwater-benchmarking
xyzservices==2024.6.0
    # via bokeh
yarl==1.9.4
    # via aiohttp
zarr==2.18.2
    # via sheerwater-benchmarking
zict==3.0.0
    # via distributed
zipp==3.19.2
    # via importlib-metadata
