# generated by rye
# use `rye lock` or `rye sync` to update this lockfile
#
# last locked with the following flags:
#   pre: false
#   features: []
#   all-features: false
#   with-sources: false
#   generate-hashes: false
#   universal: false

-e file:.
affine==2.4.0
    # via rasterio
aiobotocore==2.15.2
    # via s3fs
aiohappyeyeballs==2.4.3
    # via aiohttp
aiohttp==3.10.10
    # via aiobotocore
    # via coiled
    # via gcsfs
    # via jupyter-server-proxy
    # via kopf
    # via kubernetes-asyncio
    # via s3fs
aioitertools==0.12.0
    # via aiobotocore
aiosignal==1.3.1
    # via aiohttp
anyio==4.6.2.post1
    # via httpx
    # via httpx-ws
    # via jupyter-server
    # via kr8s
apispec==6.7.0
    # via apispec-webframeworks
    # via terracotta
apispec-webframeworks==1.2.0
    # via terracotta
appnope==0.1.4
    # via ipykernel
argon2-cffi==23.1.0
    # via jupyter-server
argon2-cffi-bindings==21.2.0
    # via argon2-cffi
arrow==1.3.0
    # via isoduration
asciitree==0.3.3
    # via zarr
asttokens==2.4.1
    # via stack-data
async-lru==2.0.4
    # via jupyterlab
asyncache==0.3.1
    # via kr8s
attrs==24.2.0
    # via aiohttp
    # via cads-api-client
    # via jsonschema
    # via rasterio
    # via referencing
babel==2.16.0
    # via jupyterlab-server
backoff==2.2.1
    # via coiled
    # via salientsdk
bcrypt==4.2.0
    # via paramiko
beautifulsoup4==4.12.3
    # via google
    # via nbconvert
bleach==6.1.0
    # via nbconvert
blinker==1.8.2
    # via flask
bokeh==3.6.0
    # via dask
    # via sheerwater-benchmarking
boto3==1.35.36
    # via coiled
botocore==1.35.36
    # via aiobotocore
    # via boto3
    # via s3transfer
cachetools==5.5.0
    # via asyncache
    # via google-auth
    # via terracotta
cads-api-client==1.4.7
    # via cdsapi
cartopy==0.23.0
    # via salientsdk
cdsapi==0.7.4
    # via sheerwater-benchmarking
certifi==2024.8.30
    # via httpcore
    # via httpx
    # via kubernetes
    # via kubernetes-asyncio
    # via netcdf4
    # via pyogrio
    # via pyproj
    # via rasterio
    # via requests
cffi==1.17.1
    # via argon2-cffi-bindings
    # via cryptography
    # via pynacl
cftime==1.6.4.post1
    # via netcdf4
charset-normalizer==3.4.0
    # via requests
click==8.1.7
    # via click-plugins
    # via cligj
    # via coiled
    # via dask
    # via distributed
    # via flask
    # via kopf
    # via mercantile
    # via rasterio
    # via sheerwater-benchmarking
    # via terracotta
click-plugins==1.1.1
    # via rasterio
click-spinner==0.1.10
    # via terracotta
cligj==0.7.2
    # via rasterio
cloudpickle==3.1.0
    # via dask
    # via distributed
coiled==1.86.0
    # via sheerwater-benchmarking
comm==0.2.2
    # via ipykernel
    # via ipywidgets
contourpy==1.3.0
    # via bokeh
    # via matplotlib
cryptography==43.0.3
    # via kr8s
    # via paramiko
    # via sheerwater-benchmarking
cycler==0.12.1
    # via matplotlib
dask==2024.10.0
    # via coiled
    # via dask-expr
    # via dask-kubernetes
    # via distributed
    # via salientsdk
    # via sheerwater-benchmarking
    # via xhistogram
    # via xskillscore
dask-expr==1.1.16
    # via dask
dask-kubernetes==2024.9.0
    # via sheerwater-benchmarking
dateparser==1.2.0
    # via sheerwater-benchmarking
debugpy==1.8.7
    # via ipykernel
decorator==5.1.1
    # via fabric
    # via gcsfs
    # via ipython
defusedxml==0.7.1
    # via nbconvert
deltalake==0.20.2
    # via sheerwater-benchmarking
deprecated==1.2.14
    # via fabric
distributed==2024.10.0
    # via coiled
    # via dask
    # via dask-kubernetes
durationpy==0.9
    # via kubernetes
ecmwf-api-client==1.6.3
    # via sheerwater-benchmarking
executing==2.1.0
    # via stack-data
fabric==3.2.2
    # via coiled
fasteners==0.19
    # via zarr
fastjsonschema==2.20.0
    # via nbformat
filelock==3.16.1
    # via coiled
flask==3.0.3
    # via flask-cors
    # via terracotta
flask-cors==5.0.0
    # via terracotta
flox==0.9.13
    # via sheerwater-benchmarking
    # via xarray-regrid
fonttools==4.54.1
    # via matplotlib
fqdn==1.5.1
    # via jsonschema
frozenlist==1.5.0
    # via aiohttp
    # via aiosignal
fsspec==2024.10.0
    # via dask
    # via gcsfs
    # via s3fs
gcsfs==2024.10.0
    # via sheerwater-benchmarking
geopandas==1.0.1
    # via salientsdk
    # via sheerwater-benchmarking
gilknocker==0.4.1
    # via coiled
google==3.0.0
    # via salientsdk
google-api-core==2.22.0
    # via google-api-python-client
    # via google-cloud-core
    # via google-cloud-secret-manager
    # via google-cloud-storage
google-api-python-client==2.149.0
    # via sheerwater-benchmarking
google-auth==2.35.0
    # via gcsfs
    # via google-api-core
    # via google-api-python-client
    # via google-auth-httplib2
    # via google-auth-oauthlib
    # via google-cloud-core
    # via google-cloud-secret-manager
    # via google-cloud-storage
    # via kubernetes
google-auth-httplib2==0.2.0
    # via google-api-python-client
google-auth-oauthlib==1.2.1
    # via gcsfs
google-cloud-core==2.4.1
    # via google-cloud-storage
google-cloud-secret-manager==2.21.0
    # via salientsdk
    # via sheerwater-benchmarking
google-cloud-storage==2.18.2
    # via gcsfs
    # via sheerwater-benchmarking
google-crc32c==1.6.0
    # via google-cloud-storage
    # via google-resumable-media
google-resumable-media==2.7.2
    # via google-cloud-storage
googleapis-common-protos==1.65.0
    # via google-api-core
    # via grpc-google-iam-v1
    # via grpcio-status
grpc-google-iam-v1==0.13.1
    # via google-cloud-secret-manager
grpcio==1.67.0
    # via google-api-core
    # via googleapis-common-protos
    # via grpc-google-iam-v1
    # via grpcio-status
grpcio-status==1.62.3
    # via google-api-core
h11==0.14.0
    # via httpcore
    # via wsproto
h2==4.1.0
    # via httpx
h5netcdf==1.4.0
    # via salientsdk
    # via sheerwater-benchmarking
h5py==3.12.1
    # via h5netcdf
    # via pvlib
    # via sheerwater-benchmarking
hpack==4.0.0
    # via h2
httpcore==1.0.6
    # via httpx
    # via httpx-ws
httplib2==0.22.0
    # via google-api-python-client
    # via google-auth-httplib2
    # via sheerwater-benchmarking
httpx==0.27.2
    # via coiled
    # via httpx-ws
    # via jupyterlab
    # via kr8s
httpx-ws==0.6.2
    # via kr8s
hyperframe==6.0.1
    # via h2
idna==3.10
    # via anyio
    # via httpx
    # via jsonschema
    # via requests
    # via yarl
importlib-metadata==8.5.0
    # via coiled
iniconfig==2.0.0
    # via pytest
invoke==2.2.0
    # via coiled
    # via fabric
ipykernel==6.29.5
    # via jupyterlab
    # via sheerwater-benchmarking
ipython==8.29.0
    # via ipykernel
    # via ipywidgets
ipywidgets==8.1.5
    # via coiled
iso8601==2.1.0
    # via kopf
isoduration==20.11.0
    # via jsonschema
itsdangerous==2.2.0
    # via flask
jedi==0.19.1
    # via ipython
jinja2==3.1.4
    # via bokeh
    # via dask
    # via distributed
    # via flask
    # via jupyter-server
    # via jupyterlab
    # via jupyterlab-server
    # via nbconvert
jmespath==1.0.1
    # via boto3
    # via botocore
    # via coiled
joblib==1.4.2
    # via scikit-learn
json5==0.9.25
    # via jupyterlab-server
jsondiff==2.2.1
    # via coiled
jsonpointer==3.0.0
    # via jsonschema
jsonschema==4.23.0
    # via jupyter-events
    # via jupyterlab-server
    # via nbformat
jsonschema-specifications==2024.10.1
    # via jsonschema
jupyter-client==8.6.3
    # via ipykernel
    # via jupyter-server
    # via nbclient
jupyter-core==5.7.2
    # via ipykernel
    # via jupyter-client
    # via jupyter-server
    # via jupyterlab
    # via nbclient
    # via nbconvert
    # via nbformat
jupyter-events==0.10.0
    # via jupyter-server
jupyter-lsp==2.2.5
    # via jupyterlab
jupyter-server==2.14.2
    # via jupyter-lsp
    # via jupyter-server-proxy
    # via jupyterlab
    # via jupyterlab-server
    # via notebook
    # via notebook-shim
jupyter-server-proxy==4.4.0
    # via sheerwater-benchmarking
jupyter-server-terminals==0.5.3
    # via jupyter-server
jupyterlab==4.2.5
    # via notebook
    # via sheerwater-benchmarking
jupyterlab-pygments==0.3.0
    # via nbconvert
jupyterlab-server==2.27.3
    # via jupyterlab
    # via notebook
jupyterlab-widgets==3.0.13
    # via ipywidgets
jupytext==1.16.4
    # via sheerwater-benchmarking
kiwisolver==1.4.7
    # via matplotlib
kopf==1.37.2
    # via dask-kubernetes
kr8s==0.17.4
    # via dask-kubernetes
kubernetes==31.0.0
    # via dask-kubernetes
kubernetes-asyncio==31.1.0
    # via dask-kubernetes
locket==1.0.0
    # via distributed
    # via partd
lz4==4.3.3
    # via dask
markdown-it-py==3.0.0
    # via jupytext
    # via mdit-py-plugins
    # via rich
markupsafe==3.0.2
    # via jinja2
    # via nbconvert
    # via werkzeug
marshmallow==3.23.0
    # via terracotta
matplotlib==3.9.2
    # via cartopy
    # via sheerwater-benchmarking
matplotlib-inline==0.1.7
    # via ipykernel
    # via ipython
mdit-py-plugins==0.4.2
    # via jupytext
mdurl==0.1.2
    # via markdown-it-py
mercantile==1.2.1
    # via terracotta
mistune==3.0.2
    # via nbconvert
msgpack==1.1.0
    # via distributed
multidict==6.1.0
    # via aiohttp
    # via yarl
multiurl==0.3.2
    # via cads-api-client
narwhals==1.31.0
    # via plotly
nbclient==0.10.0
    # via nbconvert
nbconvert==7.16.4
    # via jupyter-server
nbformat==5.10.4
    # via jupyter-server
    # via jupytext
    # via nbclient
    # via nbconvert
nest-asyncio==1.6.0
    # via ipykernel
netcdf4==1.7.2
    # via salientsdk
    # via sheerwater-benchmarking
notebook==7.2.2
    # via sheerwater-benchmarking
notebook-shim==0.2.4
    # via jupyterlab
    # via notebook
numcodecs==0.13.1
    # via zarr
numpy==1.26.4
    # via bokeh
    # via cartopy
    # via cftime
    # via contourpy
    # via dask
    # via flox
    # via geopandas
    # via h5py
    # via matplotlib
    # via netcdf4
    # via numcodecs
    # via numpy-groupies
    # via pandas
    # via patsy
    # via properscoring
    # via pvlib
    # via pyogrio
    # via rasterio
    # via rioxarray
    # via salientsdk
    # via scikit-learn
    # via scipy
    # via shapely
    # via sheerwater-benchmarking
    # via statsmodels
    # via terracotta
    # via weatherbench2
    # via xarray
    # via xarray-regrid
    # via xhistogram
    # via xskillscore
    # via zarr
numpy-groupies==0.11.2
    # via flox
oauthlib==3.2.2
    # via kubernetes
    # via requests-oauthlib
opt-einsum==3.4.0
    # via sheerwater-benchmarking
overrides==7.7.0
    # via jupyter-server
packaging==24.1
    # via apispec
    # via bokeh
    # via cartopy
    # via coiled
    # via dask
    # via distributed
    # via flox
    # via geopandas
    # via h5netcdf
    # via ipykernel
    # via jupyter-server
    # via jupyterlab
    # via jupyterlab-server
    # via jupytext
    # via marshmallow
    # via matplotlib
    # via nbconvert
    # via pip-requirements-parser
    # via plotly
    # via pyogrio
    # via pytest
    # via rioxarray
    # via statsmodels
    # via xarray
pandas==2.2.3
    # via bokeh
    # via dask
    # via dask-expr
    # via flox
    # via geopandas
    # via pvlib
    # via salientsdk
    # via statsmodels
    # via weatherbench2
    # via xarray
pandocfilters==1.5.1
    # via nbconvert
paramiko==3.5.0
    # via coiled
    # via fabric
parso==0.8.4
    # via jedi
partd==1.4.2
    # via dask
patsy==0.5.6
    # via statsmodels
pexpect==4.9.0
    # via ipython
pillow==11.0.0
    # via bokeh
    # via matplotlib
    # via terracotta
pip==24.3.1
    # via coiled
pip-requirements-parser==32.0.1
    # via coiled
platformdirs==4.3.6
    # via jupyter-core
plotly==6.0.1
    # via sheerwater-benchmarking
pluggy==1.5.0
    # via pytest
prometheus-client==0.21.0
    # via coiled
    # via jupyter-server
prompt-toolkit==3.0.48
    # via ipython
propcache==0.2.0
    # via yarl
properscoring==0.1
    # via xskillscore
proto-plus==1.24.0.dev1
    # via google-api-core
    # via google-cloud-secret-manager
    # via sheerwater-benchmarking
protobuf==4.25.5
    # via google-api-core
    # via google-cloud-secret-manager
    # via googleapis-common-protos
    # via grpc-google-iam-v1
    # via grpcio-status
    # via proto-plus
psutil==6.1.0
    # via distributed
    # via ipykernel
psycopg2-binary==2.9.10
    # via sheerwater-benchmarking
ptyprocess==0.7.0
    # via pexpect
    # via terminado
pure-eval==0.2.3
    # via stack-data
pvlib==0.10.5
    # via salientsdk
pyarrow==18.0.0
    # via dask
    # via dask-expr
    # via deltalake
pyasn1==0.6.1
    # via pyasn1-modules
    # via rsa
pyasn1-modules==0.4.1
    # via google-auth
pycparser==2.22
    # via cffi
pygments==2.18.0
    # via ipython
    # via nbconvert
    # via rich
pykube-ng==23.6.0
    # via dask-kubernetes
pynacl==1.5.0
    # via paramiko
pyogrio==0.10.0
    # via geopandas
pyparsing==3.2.0
    # via httplib2
    # via matplotlib
    # via pip-requirements-parser
    # via rasterio
pyproj==3.7.0
    # via cartopy
    # via geopandas
    # via rioxarray
pyshp==2.3.1
    # via cartopy
pytest==8.3.3
    # via sheerwater-benchmarking
python-box==7.2.0
    # via kr8s
python-dateutil==2.9.0.post0
    # via arrow
    # via botocore
    # via dateparser
    # via jupyter-client
    # via kubernetes
    # via kubernetes-asyncio
    # via matplotlib
    # via multiurl
    # via pandas
python-json-logger==2.0.7
    # via jupyter-events
    # via kopf
python-jsonpath==1.2.0
    # via kr8s
pytz==2024.2
    # via dateparser
    # via multiurl
    # via pandas
    # via pvlib
pyyaml==6.0.2
    # via apispec
    # via bokeh
    # via dask
    # via distributed
    # via jsondiff
    # via jupyter-events
    # via jupytext
    # via kopf
    # via kr8s
    # via kubernetes
    # via kubernetes-asyncio
    # via pykube-ng
    # via terracotta
pyzmq==26.2.0
    # via ipykernel
    # via jupyter-client
    # via jupyter-server
rasterio==1.4.1
    # via rioxarray
    # via terracotta
ratelimit==2.2.1
    # via salientsdk
referencing==0.35.1
    # via jsonschema
    # via jsonschema-specifications
    # via jupyter-events
regex==2024.9.11
    # via dateparser
requests==2.32.3
    # via cads-api-client
    # via cdsapi
    # via gcsfs
    # via google-api-core
    # via google-cloud-storage
    # via jupyterlab-server
    # via kubernetes
    # via multiurl
    # via pvlib
    # via pykube-ng
    # via requests-oauthlib
    # via salientsdk
    # via sheerwater-benchmarking
requests-oauthlib==2.0.0
    # via google-auth-oauthlib
    # via kubernetes
rfc3339-validator==0.1.4
    # via jsonschema
    # via jupyter-events
rfc3986-validator==0.1.1
    # via jsonschema
    # via jupyter-events
rich==13.9.3
    # via coiled
    # via dask-kubernetes
rioxarray==0.17.0
    # via sheerwater-benchmarking
rpds-py==0.20.0
    # via jsonschema
    # via referencing
rsa==4.9
    # via google-auth
ruff==0.7.1
    # via sheerwater-benchmarking
s3fs==2024.10.0
    # via sheerwater-benchmarking
s3transfer==0.10.3
    # via boto3
salientsdk==0.3.17
    # via sheerwater-benchmarking
scikit-learn==1.5.2
    # via salientsdk
    # via sheerwater-benchmarking
    # via weatherbench2
scipy==1.14.1
    # via flox
    # via properscoring
    # via pvlib
    # via salientsdk
    # via scikit-learn
    # via sheerwater-benchmarking
    # via statsmodels
    # via weatherbench2
    # via xarray-regrid
    # via xskillscore
send2trash==1.8.3
    # via jupyter-server
setuptools==75.2.0
    # via coiled
    # via jupyterlab
shapely==2.0.6
    # via cartopy
    # via geopandas
    # via terracotta
simpervisor==1.0.0
    # via jupyter-server-proxy
six==1.16.0
    # via asttokens
    # via bleach
    # via kubernetes
    # via kubernetes-asyncio
    # via patsy
    # via python-dateutil
    # via rfc3339-validator
sniffio==1.3.1
    # via anyio
    # via httpx
sortedcontainers==2.4.0
    # via distributed
soupsieve==2.6
    # via beautifulsoup4
sqlalchemy==2.0.36
    # via sheerwater-benchmarking
    # via terracotta
stack-data==0.6.3
    # via ipython
statsmodels==0.14.4
    # via xskillscore
tblib==3.0.0
    # via distributed
terminado==0.18.1
    # via jupyter-server
    # via jupyter-server-terminals
terracotta==0.8.5
    # via sheerwater-benchmarking
threadpoolctl==3.5.0
    # via scikit-learn
tinycss2==1.4.0
    # via nbconvert
toml==0.10.2
    # via coiled
    # via salientsdk
    # via terracotta
toolz==1.0.0
    # via dask
    # via distributed
    # via flox
    # via partd
tornado==6.4.1
    # via bokeh
    # via distributed
    # via ipykernel
    # via jupyter-client
    # via jupyter-server
    # via jupyter-server-proxy
    # via jupyterlab
    # via notebook
    # via terminado
tqdm==4.66.6
    # via cdsapi
    # via multiurl
    # via terracotta
traitlets==5.14.3
    # via comm
    # via ipykernel
    # via ipython
    # via ipywidgets
    # via jupyter-client
    # via jupyter-core
    # via jupyter-events
    # via jupyter-server
    # via jupyter-server-proxy
    # via jupyterlab
    # via matplotlib-inline
    # via nbclient
    # via nbconvert
    # via nbformat
types-python-dateutil==2.9.0.20241003
    # via arrow
typing-extensions==4.12.2
    # via cads-api-client
    # via coiled
    # via kopf
    # via sqlalchemy
tzdata==2024.2
    # via pandas
tzlocal==5.2
    # via dateparser
uri-template==1.3.0
    # via jsonschema
uritemplate==4.1.1
    # via google-api-python-client
urllib3==2.2.3
    # via botocore
    # via distributed
    # via kubernetes
    # via kubernetes-asyncio
    # via pykube-ng
    # via requests
wcwidth==0.2.13
    # via prompt-toolkit
weatherbench2 @ git+https://github.com/rhiza-research/weatherbench2@3c95b54a74a0fc92193901310f75014dcef9f448
    # via sheerwater-benchmarking
webcolors==24.8.0
    # via jsonschema
webencodings==0.5.1
    # via bleach
    # via tinycss2
websocket-client==1.8.0
    # via jupyter-server
    # via kubernetes
werkzeug==3.0.6
    # via flask
wheel==0.44.0
    # via coiled
widgetsnbextension==4.0.13
    # via ipywidgets
wrapt==1.16.0
    # via aiobotocore
    # via deprecated
wsproto==1.2.0
    # via httpx-ws
xarray==2024.10.0
    # via rioxarray
    # via salientsdk
    # via sheerwater-benchmarking
    # via weatherbench2
    # via xarray-regrid
    # via xhistogram
    # via xskillscore
xarray-regrid==0.4.0
    # via sheerwater-benchmarking
xhistogram==0.3.2
    # via xskillscore
xskillscore @ git+https://github.com/rhiza-research/xskillscore@24836c2994c41c7566d6e4d686df7eb28f7a3455
    # via sheerwater-benchmarking
xyzservices==2024.9.0
    # via bokeh
yarl==1.16.0
    # via aiohttp
zarr==2.18.3
    # via sheerwater-benchmarking
    # via weatherbench2
zict==3.0.0
    # via distributed
zipp==3.20.2
    # via importlib-metadata
